// !$*UTF8*$!
{
	archiveVersion = 1;
	classes = {
	};
	objectVersion = 56;
	objects = {

/* Begin PBXBuildFile section */
		A1000001 /* PromptBIMTestApp1App.swift in Sources */ = {isa = PBXBuildFile; fileRef = A2000001 /* PromptBIMTestApp1App.swift */; };
		A1000002 /* ContentView.swift in Sources */ = {isa = PBXBuildFile; fileRef = A2000002 /* ContentView.swift */; };
		A1000003 /* PythonBridge.swift in Sources */ = {isa = PBXBuildFile; fileRef = A2000003 /* PythonBridge.swift */; };
		A1000004 /* Assets.xcassets in Resources */ = {isa = PBXBuildFile; fileRef = A2000004 /* Assets.xcassets */; };
		A1000005 /* SceneKitView.swift in Sources */ = {isa = PBXBuildFile; fileRef = A2000007 /* SceneKitView.swift */; };
		A1000006 /* NativeBIMBridge.swift in Sources */ = {isa = PBXBuildFile; fileRef = A2000008 /* NativeBIMBridge.swift */; };
		A1000008 /* PBResult.swift in Sources */ = {isa = PBXBuildFile; fileRef = A200000A /* PBResult.swift */; };
		A1000009 /* BIMSceneBuilder.swift in Sources */ = {isa = PBXBuildFile; fileRef = A200000B /* BIMSceneBuilder.swift */; };
		B1000001 /* PBResultTests.swift in Sources */ = {isa = PBXBuildFile; fileRef = B2000001 /* PBResultTests.swift */; };
		B1000002 /* BIMSceneBuilderTests.swift in Sources */ = {isa = PBXBuildFile; fileRef = B2000002 /* BIMSceneBuilderTests.swift */; };
		B1000003 /* NativeBIMBridgeTests.swift in Sources */ = {isa = PBXBuildFile; fileRef = B2000003 /* NativeBIMBridgeTests.swift */; };
		B1000004 /* PythonBridgeTests.swift in Sources */ = {isa = PBXBuildFile; fileRef = B2000004 /* PythonBridgeTests.swift */; };
		B1000005 /* ContentViewTests.swift in Sources */ = {isa = PBXBuildFile; fileRef = B2000005 /* ContentViewTests.swift */; };
/* End PBXBuildFile section */

/* Begin PBXFileReference section */
		A2000001 /* PromptBIMTestApp1App.swift */ = {isa = PBXFileReference; lastKnownFileType = sourcecode.swift; path = PromptBIMTestApp1App.swift; sourceTree = "<group>"; };
		A2000002 /* ContentView.swift */ = {isa = PBXFileReference; lastKnownFileType = sourcecode.swift; path = ContentView.swift; sourceTree = "<group>"; };
		A2000003 /* PythonBridge.swift */ = {isa = PBXFileReference; lastKnownFileType = sourcecode.swift; path = PythonBridge.swift; sourceTree = "<group>"; };
		A2000004 /* Assets.xcassets */ = {isa = PBXFileReference; lastKnownFileType = folder.assetcatalog; path = Assets.xcassets; sourceTree = "<group>"; };
		A2000005 /* Info.plist */ = {isa = PBXFileReference; lastKnownFileType = text.plist.xml; path = Info.plist; sourceTree = "<group>"; };
		A2000006 /* PromptBIMTestApp1.entitlements */ = {isa = PBXFileReference; lastKnownFileType = text.plist.entitlements; path = PromptBIMTestApp1.entitlements; sourceTree = "<group>"; };
		A2000007 /* SceneKitView.swift */ = {isa = PBXFileReference; lastKnownFileType = sourcecode.swift; path = SceneKitView.swift; sourceTree = "<group>"; };
		A2000008 /* NativeBIMBridge.swift */ = {isa = PBXFileReference; lastKnownFileType = sourcecode.swift; path = NativeBIMBridge.swift; sourceTree = "<group>"; };
		A200000A /* PBResult.swift */ = {isa = PBXFileReference; lastKnownFileType = sourcecode.swift; path = PBResult.swift; sourceTree = "<group>"; };
		A200000B /* BIMSceneBuilder.swift */ = {isa = PBXFileReference; lastKnownFileType = sourcecode.swift; path = BIMSceneBuilder.swift; sourceTree = "<group>"; };
		A2000010 /* PromptBIMTestApp1.app */ = {isa = PBXFileReference; explicitFileType = wrapper.application; includeInIndex = 0; path = PromptBIMTestApp1.app; sourceTree = BUILT_PRODUCTS_DIR; };
		B2000001 /* PBResultTests.swift */ = {isa = PBXFileReference; lastKnownFileType = sourcecode.swift; path = PBResultTests.swift; sourceTree = "<group>"; };
		B2000002 /* BIMSceneBuilderTests.swift */ = {isa = PBXFileReference; lastKnownFileType = sourcecode.swift; path = BIMSceneBuilderTests.swift; sourceTree = "<group>"; };
		B2000003 /* NativeBIMBridgeTests.swift */ = {isa = PBXFileReference; lastKnownFileType = sourcecode.swift; path = NativeBIMBridgeTests.swift; sourceTree = "<group>"; };
		B2000004 /* PythonBridgeTests.swift */ = {isa = PBXFileReference; lastKnownFileType = sourcecode.swift; path = PythonBridgeTests.swift; sourceTree = "<group>"; };
		B2000005 /* ContentViewTests.swift */ = {isa = PBXFileReference; lastKnownFileType = sourcecode.swift; path = ContentViewTests.swift; sourceTree = "<group>"; };
		B2000010 /* PromptBIMTestApp1Tests.xctest */ = {isa = PBXFileReference; explicitFileType = wrapper.cfbundle; includeInIndex = 0; path = PromptBIMTestApp1Tests.xctest; sourceTree = BUILT_PRODUCTS_DIR; };
/* End PBXFileReference section */

/* Begin PBXFrameworksBuildPhase section */
		A3000001 /* Frameworks */ = {
			isa = PBXFrameworksBuildPhase;
			buildActionMask = 2147483647;
			files = (
			);
			runOnlyForDeploymentPostprocessing = 0;
		};
		B3000001 /* Frameworks */ = {
			isa = PBXFrameworksBuildPhase;
			buildActionMask = 2147483647;
			files = (
			);
			runOnlyForDeploymentPostprocessing = 0;
		};
/* End PBXFrameworksBuildPhase section */

/* Begin PBXContainerItemProxy section */
		B4000001 /* PBXContainerItemProxy */ = {
			isa = PBXContainerItemProxy;
			containerPortal = A8000001 /* Project object */;
			proxyType = 1;
			remoteGlobalIDString = A5000001;
			remoteInfo = PromptBIMTestApp1;
		};
/* End PBXContainerItemProxy section */

/* Begin PBXTargetDependency section */
		B4000002 /* PBXTargetDependency */ = {
			isa = PBXTargetDependency;
			target = A5000001 /* PromptBIMTestApp1 */;
			targetProxy = B4000001 /* PBXContainerItemProxy */;
		};
/* End PBXTargetDependency section */

/* Begin PBXGroup section */
		A4000001 = {
			isa = PBXGroup;
			children = (
				A4000002 /* PromptBIMTestApp1 */,
				B4000003 /* PromptBIMTestApp1Tests */,
				A4000003 /* Products */,
			);
			sourceTree = "<group>";
		};
		A4000002 /* PromptBIMTestApp1 */ = {
			isa = PBXGroup;
			children = (
				A2000001 /* PromptBIMTestApp1App.swift */,
				A2000002 /* ContentView.swift */,
				A2000003 /* PythonBridge.swift */,
				A2000007 /* SceneKitView.swift */,
				A2000008 /* NativeBIMBridge.swift */,
				A200000A /* PBResult.swift */,
				A200000B /* BIMSceneBuilder.swift */,
				A2000004 /* Assets.xcassets */,
				A2000005 /* Info.plist */,
				A2000006 /* PromptBIMTestApp1.entitlements */,
			);
			path = PromptBIMTestApp1;
			sourceTree = "<group>";
		};
		A4000003 /* Products */ = {
			isa = PBXGroup;
			children = (
				A2000010 /* PromptBIMTestApp1.app */,
				B2000010 /* PromptBIMTestApp1Tests.xctest */,
			);
			name = Products;
			sourceTree = "<group>";
		};
		B4000003 /* PromptBIMTestApp1Tests */ = {
			isa = PBXGroup;
			children = (
				B2000001 /* PBResultTests.swift */,
				B2000002 /* BIMSceneBuilderTests.swift */,
				B2000003 /* NativeBIMBridgeTests.swift */,
				B2000004 /* PythonBridgeTests.swift */,
				B2000005 /* ContentViewTests.swift */,
			);
			path = PromptBIMTestApp1Tests;
			sourceTree = "<group>";
		};
/* End PBXGroup section */

/* Begin PBXNativeTarget section */
		A5000001 /* PromptBIMTestApp1 */ = {
			isa = PBXNativeTarget;
			buildConfigurationList = A7000003 /* Build configuration list for PBXNativeTarget "PromptBIMTestApp1" */;
			buildPhases = (
				A6000001 /* Sources */,
				A3000001 /* Frameworks */,
				A6000002 /* Resources */,
				A6000003 /* Python Environment Check */,
			);
			buildRules = (
			);
			dependencies = (
			);
			name = PromptBIMTestApp1;
			productName = PromptBIMTestApp1;
			productReference = A2000010 /* PromptBIMTestApp1.app */;
			productType = "com.apple.product-type.application";
		};
		B5000001 /* PromptBIMTestApp1Tests */ = {
			isa = PBXNativeTarget;
			buildConfigurationList = B7000003 /* Build configuration list for PBXNativeTarget "PromptBIMTestApp1Tests" */;
			buildPhases = (
				B6000001 /* Sources */,
				B3000001 /* Frameworks */,
			);
			buildRules = (
			);
			dependencies = (
				B4000002 /* PBXTargetDependency */,
			);
			name = PromptBIMTestApp1Tests;
			productName = PromptBIMTestApp1Tests;
			productReference = B2000010 /* PromptBIMTestApp1Tests.xctest */;
			productType = "com.apple.product-type.bundle.unit-test";
		};
/* End PBXNativeTarget section */

/* Begin PBXProject section */
		A8000001 /* Project object */ = {
			isa = PBXProject;
			attributes = {
				BuildIndependentTargetsInParallel = 1;
				LastSwiftUpdateCheck = 1600;
				LastUpgradeCheck = 1600;
				TargetAttributes = {
					A5000001 = {
						CreatedOnToolsVersion = 16.0;
					};
					B5000001 = {
						CreatedOnToolsVersion = 16.0;
						TestTargetID = A5000001;
					};
				};
			};
			buildConfigurationList = A7000001 /* Build configuration list for PBXProject "PromptBIMTestApp1" */;
			compatibilityVersion = "Xcode 14.0";
			developmentRegion = en;
			hasScannedForEncodings = 0;
			knownRegions = (
				en,
				Base,
			);
			mainGroup = A4000001;
			productRefGroup = A4000003 /* Products */;
			projectDirPath = "";
			projectRoot = "";
			targets = (
				A5000001 /* PromptBIMTestApp1 */,
				B5000001 /* PromptBIMTestApp1Tests */,
			);
		};
/* End PBXProject section */

/* Begin PBXResourcesBuildPhase section */
		A6000002 /* Resources */ = {
			isa = PBXResourcesBuildPhase;
			buildActionMask = 2147483647;
			files = (
				A1000004 /* Assets.xcassets in Resources */,
			);
			runOnlyForDeploymentPostprocessing = 0;
		};
/* End PBXResourcesBuildPhase section */

/* Begin PBXShellScriptBuildPhase section */
		A6000003 /* Python Environment Check */ = {
			isa = PBXShellScriptBuildPhase;
			alwaysOutOfDate = 1;
			buildActionMask = 2147483647;
			files = (
			);
			inputFileListPaths = (
			);
			inputPaths = (
			);
			name = "Python Environment Check";
			outputFileListPaths = (
			);
			outputPaths = (
			);
			runOnlyForDeploymentPostprocessing = 0;
			shellPath = /bin/bash;
			shellScript = "# Python Environment Check\necho \"[PromptBIM] Checking Python environment...\"\n\n# Find conda python\nCONDA_PYTHON=\"$HOME/miniforge3/envs/promptbim/bin/python\"\nif [ ! -f \"$CONDA_PYTHON\" ]; then\n  CONDA_PYTHON=\"$HOME/miniconda3/envs/promptbim/bin/python\"\nfi\n\nif [ -f \"$CONDA_PYTHON\" ]; then\n  echo \"[PromptBIM] Python: $($CONDA_PYTHON --version 2>&1)\"\n  $CONDA_PYTHON -c \"import promptbim; print(f'[PromptBIM] promptbim v{promptbim.__version__}')\" 2>/dev/null || echo \"[PromptBIM] WARNING: promptbim module not installed (run: pip install -e .)\"\nelse\n  echo \"[PromptBIM] WARNING: conda promptbim environment not found\"\n  echo \"[PromptBIM] Run: conda create -n promptbim python=3.11 && conda activate promptbim\"\nfi\n\necho \"[PromptBIM] Environment check complete\"\n";
		};
/* End PBXShellScriptBuildPhase section */

/* Begin PBXSourcesBuildPhase section */
		A6000001 /* Sources */ = {
			isa = PBXSourcesBuildPhase;
			buildActionMask = 2147483647;
			files = (
				A1000001 /* PromptBIMTestApp1App.swift in Sources */,
				A1000002 /* ContentView.swift in Sources */,
				A1000003 /* PythonBridge.swift in Sources */,
				A1000005 /* SceneKitView.swift in Sources */,
				A1000006 /* NativeBIMBridge.swift in Sources */,
				A1000008 /* PBResult.swift in Sources */,
				A1000009 /* BIMSceneBuilder.swift in Sources */,
			);
			runOnlyForDeploymentPostprocessing = 0;
		};
		B6000001 /* Sources */ = {
			isa = PBXSourcesBuildPhase;
			buildActionMask = 2147483647;
			files = (
				B1000001 /* PBResultTests.swift in Sources */,
				B1000002 /* BIMSceneBuilderTests.swift in Sources */,
				B1000003 /* NativeBIMBridgeTests.swift in Sources */,
				B1000004 /* PythonBridgeTests.swift in Sources */,
				B1000005 /* ContentViewTests.swift in Sources */,
			);
			runOnlyForDeploymentPostprocessing = 0;
		};
/* End PBXSourcesBuildPhase section */

/* Begin XCBuildConfiguration section */
		A9000001 /* Debug */ = {
			isa = XCBuildConfiguration;
			buildSettings = {
				ALWAYS_SEARCH_USER_PATHS = NO;
				ASSETCATALOG_COMPILER_GENERATE_SWIFT_ASSET_SYMBOL_EXTENSIONS = YES;
				CLANG_ANALYZER_NONNULL = YES;
				CLANG_ANALYZER_NUMBER_OBJECT_CONVERSION = YES_AGGRESSIVE;
				CLANG_CXX_LANGUAGE_STANDARD = "gnu++20";
				CLANG_ENABLE_MODULES = YES;
				CLANG_ENABLE_OBJC_ARC = YES;
				CLANG_ENABLE_OBJC_WEAK = YES;
				CLANG_WARN_BLOCK_CAPTURE_AUTORELEASING = YES;
				CLANG_WARN_BOOL_CONVERSION = YES;
				CLANG_WARN_COMMA = YES;
				CLANG_WARN_CONSTANT_CONVERSION = YES;
				CLANG_WARN_DEPRECATED_OBJC_IMPLEMENTATIONS = YES;
				CLANG_WARN_DIRECT_OBJC_ISA_USAGE = YES_ERROR;
				CLANG_WARN_DOCUMENTATION_COMMENTS = YES;
				CLANG_WARN_EMPTY_BODY = YES;
				CLANG_WARN_ENUM_CONVERSION = YES;
				CLANG_WARN_INFINITE_RECURSION = YES;
				CLANG_WARN_INT_CONVERSION = YES;
				CLANG_WARN_NON_LITERAL_NULL_CONVERSION = YES;
				CLANG_WARN_OBJC_IMPLICIT_RETAIN_SELF = YES;
				CLANG_WARN_OBJC_LITERAL_CONVERSION = YES;
				CLANG_WARN_OBJC_ROOT_CLASS = YES_ERROR;
				CLANG_WARN_QUOTED_INCLUDE_IN_FRAMEWORK_HEADER = YES;
				CLANG_WARN_RANGE_LOOP_ANALYSIS = YES;
				CLANG_WARN_STRICT_PROTOTYPES = YES;
				CLANG_WARN_SUSPICIOUS_MOVE = YES;
				CLANG_WARN_UNGUARDED_AVAILABILITY = YES_AGGRESSIVE;
				CLANG_WARN_UNREACHABLE_CODE = YES;
				CLANG_WARN__DUPLICATE_METHOD_MATCH = YES;
				COPY_PHASE_STRIP = NO;
				DEBUG_INFORMATION_FORMAT = dwarf;
				ENABLE_STRICT_OBJC_MSGSEND = YES;
				ENABLE_TESTABILITY = YES;
				ENABLE_USER_SCRIPT_SANDBOXING = NO;
				GCC_C_LANGUAGE_STANDARD = gnu17;
				GCC_DYNAMIC_NO_PIC = NO;
				GCC_NO_COMMON_BLOCKS = YES;
				GCC_OPTIMIZATION_LEVEL = 0;
				GCC_PREPROCESSOR_DEFINITIONS = (
					"DEBUG=1",
					"$(inherited)",
				);
				GCC_WARN_64_TO_32_BIT_CONVERSION = YES;
				GCC_WARN_ABOUT_RETURN_TYPE = YES_ERROR;
				GCC_WARN_UNDECLARED_SELECTOR = YES;
				GCC_WARN_UNINITIALIZED_AUTOS = YES_AGGRESSIVE;
				GCC_WARN_UNUSED_FUNCTION = YES;
				GCC_WARN_UNUSED_VARIABLE = YES;
				MACOSX_DEPLOYMENT_TARGET = 14.0;
				MTL_ENABLE_DEBUG_INFO = INCLUDE_SOURCE;
				MTL_FAST_MATH = YES;
				ONLY_ACTIVE_ARCH = YES;
				SDKROOT = macosx;
				SWIFT_ACTIVE_COMPILATION_CONDITIONS = "$(inherited) DEBUG";
				SWIFT_OPTIMIZATION_LEVEL = "-Onone";
			};
			name = Debug;
		};
		A9000002 /* Release */ = {
			isa = XCBuildConfiguration;
			buildSettings = {
				ALWAYS_SEARCH_USER_PATHS = NO;
				ASSETCATALOG_COMPILER_GENERATE_SWIFT_ASSET_SYMBOL_EXTENSIONS = YES;
				CLANG_ANALYZER_NONNULL = YES;
				CLANG_ANALYZER_NUMBER_OBJECT_CONVERSION = YES_AGGRESSIVE;
				CLANG_CXX_LANGUAGE_STANDARD = "gnu++20";
				CLANG_ENABLE_MODULES = YES;
				CLANG_ENABLE_OBJC_ARC = YES;
				CLANG_ENABLE_OBJC_WEAK = YES;
				CLANG_WARN_BLOCK_CAPTURE_AUTORELEASING = YES;
				CLANG_WARN_BOOL_CONVERSION = YES;
				CLANG_WARN_COMMA = YES;
				CLANG_WARN_CONSTANT_CONVERSION = YES;
				CLANG_WARN_DEPRECATED_OBJC_IMPLEMENTATIONS = YES;
				CLANG_WARN_DIRECT_OBJC_ISA_USAGE = YES_ERROR;
				CLANG_WARN_DOCUMENTATION_COMMENTS = YES;
				CLANG_WARN_EMPTY_BODY = YES;
				CLANG_WARN_ENUM_CONVERSION = YES;
				CLANG_WARN_INFINITE_RECURSION = YES;
				CLANG_WARN_INT_CONVERSION = YES;
				CLANG_WARN_NON_LITERAL_NULL_CONVERSION = YES;
				CLANG_WARN_OBJC_IMPLICIT_RETAIN_SELF = YES;
				CLANG_WARN_OBJC_LITERAL_CONVERSION = YES;
				CLANG_WARN_OBJC_ROOT_CLASS = YES_ERROR;
				CLANG_WARN_QUOTED_INCLUDE_IN_FRAMEWORK_HEADER = YES;
				CLANG_WARN_RANGE_LOOP_ANALYSIS = YES;
				CLANG_WARN_STRICT_PROTOTYPES = YES;
				CLANG_WARN_SUSPICIOUS_MOVE = YES;
				CLANG_WARN_UNGUARDED_AVAILABILITY = YES_AGGRESSIVE;
				CLANG_WARN_UNREACHABLE_CODE = YES;
				CLANG_WARN__DUPLICATE_METHOD_MATCH = YES;
				COPY_PHASE_STRIP = NO;
				DEBUG_INFORMATION_FORMAT = "dwarf-with-dsym";
				ENABLE_NS_ASSERTIONS = NO;
				ENABLE_STRICT_OBJC_MSGSEND = YES;
				ENABLE_USER_SCRIPT_SANDBOXING = NO;
				GCC_C_LANGUAGE_STANDARD = gnu17;
				GCC_NO_COMMON_BLOCKS = YES;
				GCC_WARN_64_TO_32_BIT_CONVERSION = YES;
				GCC_WARN_ABOUT_RETURN_TYPE = YES_ERROR;
				GCC_WARN_UNDECLARED_SELECTOR = YES;
				GCC_WARN_UNINITIALIZED_AUTOS = YES_AGGRESSIVE;
				GCC_WARN_UNUSED_FUNCTION = YES;
				GCC_WARN_UNUSED_VARIABLE = YES;
				MACOSX_DEPLOYMENT_TARGET = 14.0;
				MTL_ENABLE_DEBUG_INFO = NO;
				MTL_FAST_MATH = YES;
				SDKROOT = macosx;
				SWIFT_COMPILATION_MODE = wholemodule;
			};
			name = Release;
		};
		A9000003 /* Debug */ = {
			isa = XCBuildConfiguration;
			buildSettings = {
				ASSETCATALOG_COMPILER_APPICON_NAME = AppIcon;
				ASSETCATALOG_COMPILER_GLOBAL_ACCENT_COLOR_NAME = AccentColor;
				CODE_SIGN_ENTITLEMENTS = PromptBIMTestApp1/PromptBIMTestApp1.entitlements;
				"CODE_SIGN_IDENTITY[sdk=macosx*]" = "-";
				CODE_SIGN_STYLE = Automatic;
				COMBINE_HIDPI_IMAGES = YES;
				CURRENT_PROJECT_VERSION = 24;
				DEVELOPMENT_TEAM = "";
				GENERATE_INFOPLIST_FILE = NO;
				INFOPLIST_FILE = PromptBIMTestApp1/Info.plist;
				LD_RUNPATH_SEARCH_PATHS = (
					"$(inherited)",
					"@executable_path/../Frameworks",
				);
				MARKETING_VERSION = 2.10.0;
				PRODUCT_BUNDLE_IDENTIFIER = com.realitymatrix.PromptBIMTestApp1;
				PRODUCT_NAME = "$(TARGET_NAME)";
				SWIFT_EMIT_LOC_STRINGS = YES;
				SWIFT_VERSION = 5.0;
			};
			name = Debug;
		};
		A9000004 /* Release */ = {
			isa = XCBuildConfiguration;
			buildSettings = {
				ASSETCATALOG_COMPILER_APPICON_NAME = AppIcon;
				ASSETCATALOG_COMPILER_GLOBAL_ACCENT_COLOR_NAME = AccentColor;
				CODE_SIGN_ENTITLEMENTS = PromptBIMTestApp1/PromptBIMTestApp1.entitlements;
				"CODE_SIGN_IDENTITY[sdk=macosx*]" = "-";
				CODE_SIGN_STYLE = Automatic;
				COMBINE_HIDPI_IMAGES = YES;
				CURRENT_PROJECT_VERSION = 24;
				DEVELOPMENT_TEAM = "";
				GENERATE_INFOPLIST_FILE = NO;
				INFOPLIST_FILE = PromptBIMTestApp1/Info.plist;
				LD_RUNPATH_SEARCH_PATHS = (
					"$(inherited)",
					"@executable_path/../Frameworks",
				);
				MARKETING_VERSION = 2.10.0;
				PRODUCT_BUNDLE_IDENTIFIER = com.realitymatrix.PromptBIMTestApp1;
				PRODUCT_NAME = "$(TARGET_NAME)";
				SWIFT_EMIT_LOC_STRINGS = YES;
				SWIFT_VERSION = 5.0;
			};
			name = Release;
		};
		B9000001 /* Debug */ = {
			isa = XCBuildConfiguration;
			buildSettings = {
				BUNDLE_LOADER = "$(TEST_HOST)";
				CODE_SIGN_STYLE = Automatic;
				CURRENT_PROJECT_VERSION = 24;
				GENERATE_INFOPLIST_FILE = YES;
				MARKETING_VERSION = 2.10.0;
				PRODUCT_BUNDLE_IDENTIFIER = com.realitymatrix.PromptBIMTestApp1Tests;
				PRODUCT_NAME = "$(TARGET_NAME)";
				SWIFT_EMIT_LOC_STRINGS = NO;
				SWIFT_VERSION = 5.0;
				TEST_HOST = "$(BUILT_PRODUCTS_DIR)/PromptBIMTestApp1.app/Contents/MacOS/PromptBIMTestApp1";
			};
			name = Debug;
		};
		B9000002 /* Release */ = {
			isa = XCBuildConfiguration;
			buildSettings = {
				BUNDLE_LOADER = "$(TEST_HOST)";
				CODE_SIGN_STYLE = Automatic;
				CURRENT_PROJECT_VERSION = 24;
				GENERATE_INFOPLIST_FILE = YES;
				MARKETING_VERSION = 2.10.0;
				PRODUCT_BUNDLE_IDENTIFIER = com.realitymatrix.PromptBIMTestApp1Tests;
				PRODUCT_NAME = "$(TARGET_NAME)";
				SWIFT_EMIT_LOC_STRINGS = NO;
				SWIFT_VERSION = 5.0;
				TEST_HOST = "$(BUILT_PRODUCTS_DIR)/PromptBIMTestApp1.app/Contents/MacOS/PromptBIMTestApp1";
			};
			name = Release;
		};
/* End XCBuildConfiguration section */

/* Begin XCConfigurationList section */
		A7000001 /* Build configuration list for PBXProject "PromptBIMTestApp1" */ = {
			isa = XCConfigurationList;
			buildConfigurations = (
				A9000001 /* Debug */,
				A9000002 /* Release */,
			);
			defaultConfigurationIsVisible = 0;
			defaultConfigurationName = Release;
		};
		A7000003 /* Build configuration list for PBXNativeTarget "PromptBIMTestApp1" */ = {
			isa = XCConfigurationList;
			buildConfigurations = (
				A9000003 /* Debug */,
				A9000004 /* Release */,
			);
			defaultConfigurationIsVisible = 0;
			defaultConfigurationName = Release;
		};
		B7000003 /* Build configuration list for PBXNativeTarget "PromptBIMTestApp1Tests" */ = {
			isa = XCConfigurationList;
			buildConfigurations = (
				B9000001 /* Debug */,
				B9000002 /* Release */,
			);
			defaultConfigurationIsVisible = 0;
			defaultConfigurationName = Release;
		};
/* End XCConfigurationList section */

	};
	rootObject = A8000001 /* Project object */;
}
